// !$*UTF8*$!
{
	archiveVersion = 1;
	classes = {
	};
	objectVersion = 50;
	objects = {

/* Begin PBXBuildFile section */
		8158310C23E84B060093F85A /* Apple.swift in Sources */ = {isa = PBXBuildFile; fileRef = 8158310B23E84B060093F85A /* Apple.swift */; };
		8158310E23E853D50093F85A /* SnakeBodyPart.swift in Sources */ = {isa = PBXBuildFile; fileRef = 8158310D23E853D50093F85A /* SnakeBodyPart.swift */; };
		8158311023E85A5C0093F85A /* SnakeHead.swift in Sources */ = {isa = PBXBuildFile; fileRef = 8158310F23E85A5C0093F85A /* SnakeHead.swift */; };
		8158311223E85CF80093F85A /* Snake.swift in Sources */ = {isa = PBXBuildFile; fileRef = 8158311123E85CF80093F85A /* Snake.swift */; };
		81DC888D23E4652600C62F55 /* AppDelegate.swift in Sources */ = {isa = PBXBuildFile; fileRef = 81DC888C23E4652600C62F55 /* AppDelegate.swift */; };
		81DC889323E4652600C62F55 /* GameScene.swift in Sources */ = {isa = PBXBuildFile; fileRef = 81DC889223E4652600C62F55 /* GameScene.swift */; };
		81DC889523E4652600C62F55 /* GameViewController.swift in Sources */ = {isa = PBXBuildFile; fileRef = 81DC889423E4652600C62F55 /* GameViewController.swift */; };
		81DC889823E4652600C62F55 /* Main.storyboard in Resources */ = {isa = PBXBuildFile; fileRef = 81DC889623E4652600C62F55 /* Main.storyboard */; };
		81DC889A23E4652700C62F55 /* Assets.xcassets in Resources */ = {isa = PBXBuildFile; fileRef = 81DC889923E4652700C62F55 /* Assets.xcassets */; };
		81DC889D23E4652700C62F55 /* LaunchScreen.storyboard in Resources */ = {isa = PBXBuildFile; fileRef = 81DC889B23E4652700C62F55 /* LaunchScreen.storyboard */; };
		81DC88A823E4652700C62F55 /* __EgorovMikhailTests.swift in Sources */ = {isa = PBXBuildFile; fileRef = 81DC88A723E4652700C62F55 /* __EgorovMikhailTests.swift */; };
		81DC88B323E4652700C62F55 /* __EgorovMikhailUITests.swift in Sources */ = {isa = PBXBuildFile; fileRef = 81DC88B223E4652700C62F55 /* __EgorovMikhailUITests.swift */; };
/* End PBXBuildFile section */

/* Begin PBXContainerItemProxy section */
		81DC88A423E4652700C62F55 /* PBXContainerItemProxy */ = {
			isa = PBXContainerItemProxy;
			containerPortal = 81DC888123E4652600C62F55 /* Project object */;
			proxyType = 1;
			remoteGlobalIDString = 81DC888823E4652600C62F55;
			remoteInfo = 8_EgorovMikhail;
		};
		81DC88AF23E4652700C62F55 /* PBXContainerItemProxy */ = {
			isa = PBXContainerItemProxy;
			containerPortal = 81DC888123E4652600C62F55 /* Project object */;
			proxyType = 1;
			remoteGlobalIDString = 81DC888823E4652600C62F55;
			remoteInfo = 8_EgorovMikhail;
		};
/* End PBXContainerItemProxy section */

/* Begin PBXFileReference section */
		8158310B23E84B060093F85A /* Apple.swift */ = {isa = PBXFileReference; lastKnownFileType = sourcecode.swift; path = Apple.swift; sourceTree = "<group>"; };
		8158310D23E853D50093F85A /* SnakeBodyPart.swift */ = {isa = PBXFileReference; lastKnownFileType = sourcecode.swift; path = SnakeBodyPart.swift; sourceTree = "<group>"; };
		8158310F23E85A5C0093F85A /* SnakeHead.swift */ = {isa = PBXFileReference; lastKnownFileType = sourcecode.swift; path = SnakeHead.swift; sourceTree = "<group>"; };
		8158311123E85CF80093F85A /* Snake.swift */ = {isa = PBXFileReference; lastKnownFileType = sourcecode.swift; path = Snake.swift; sourceTree = "<group>"; };
		81DC888923E4652600C62F55 /* 8_EgorovMikhail.app */ = {isa = PBXFileReference; explicitFileType = wrapper.application; includeInIndex = 0; path = 8_EgorovMikhail.app; sourceTree = BUILT_PRODUCTS_DIR; };
		81DC888C23E4652600C62F55 /* AppDelegate.swift */ = {isa = PBXFileReference; lastKnownFileType = sourcecode.swift; path = AppDelegate.swift; sourceTree = "<group>"; };
		81DC889223E4652600C62F55 /* GameScene.swift */ = {isa = PBXFileReference; lastKnownFileType = sourcecode.swift; path = GameScene.swift; sourceTree = "<group>"; };
		81DC889423E4652600C62F55 /* GameViewController.swift */ = {isa = PBXFileReference; lastKnownFileType = sourcecode.swift; path = GameViewController.swift; sourceTree = "<group>"; };
		81DC889723E4652600C62F55 /* Base */ = {isa = PBXFileReference; lastKnownFileType = file.storyboard; name = Base; path = Base.lproj/Main.storyboard; sourceTree = "<group>"; };
		81DC889923E4652700C62F55 /* Assets.xcassets */ = {isa = PBXFileReference; lastKnownFileType = folder.assetcatalog; path = Assets.xcassets; sourceTree = "<group>"; };
		81DC889C23E4652700C62F55 /* Base */ = {isa = PBXFileReference; lastKnownFileType = file.storyboard; name = Base; path = Base.lproj/LaunchScreen.storyboard; sourceTree = "<group>"; };
		81DC889E23E4652700C62F55 /* Info.plist */ = {isa = PBXFileReference; lastKnownFileType = text.plist.xml; path = Info.plist; sourceTree = "<group>"; };
		81DC88A323E4652700C62F55 /* 8_EgorovMikhailTests.xctest */ = {isa = PBXFileReference; explicitFileType = wrapper.cfbundle; includeInIndex = 0; path = 8_EgorovMikhailTests.xctest; sourceTree = BUILT_PRODUCTS_DIR; };
		81DC88A723E4652700C62F55 /* __EgorovMikhailTests.swift */ = {isa = PBXFileReference; lastKnownFileType = sourcecode.swift; path = __EgorovMikhailTests.swift; sourceTree = "<group>"; };
		81DC88A923E4652700C62F55 /* Info.plist */ = {isa = PBXFileReference; lastKnownFileType = text.plist.xml; path = Info.plist; sourceTree = "<group>"; };
		81DC88AE23E4652700C62F55 /* 8_EgorovMikhailUITests.xctest */ = {isa = PBXFileReference; explicitFileType = wrapper.cfbundle; includeInIndex = 0; path = 8_EgorovMikhailUITests.xctest; sourceTree = BUILT_PRODUCTS_DIR; };
		81DC88B223E4652700C62F55 /* __EgorovMikhailUITests.swift */ = {isa = PBXFileReference; lastKnownFileType = sourcecode.swift; path = __EgorovMikhailUITests.swift; sourceTree = "<group>"; };
		81DC88B423E4652700C62F55 /* Info.plist */ = {isa = PBXFileReference; lastKnownFileType = text.plist.xml; path = Info.plist; sourceTree = "<group>"; };
/* End PBXFileReference section */

/* Begin PBXFrameworksBuildPhase section */
		81DC888623E4652600C62F55 /* Frameworks */ = {
			isa = PBXFrameworksBuildPhase;
			buildActionMask = 2147483647;
			files = (
			);
			runOnlyForDeploymentPostprocessing = 0;
		};
		81DC88A023E4652700C62F55 /* Frameworks */ = {
			isa = PBXFrameworksBuildPhase;
			buildActionMask = 2147483647;
			files = (
			);
			runOnlyForDeploymentPostprocessing = 0;
		};
		81DC88AB23E4652700C62F55 /* Frameworks */ = {
			isa = PBXFrameworksBuildPhase;
			buildActionMask = 2147483647;
			files = (
			);
			runOnlyForDeploymentPostprocessing = 0;
		};
/* End PBXFrameworksBuildPhase section */

/* Begin PBXGroup section */
		81DC888023E4652600C62F55 = {
			isa = PBXGroup;
			children = (
				81DC888B23E4652600C62F55 /* 8_EgorovMikhail */,
				81DC88A623E4652700C62F55 /* 8_EgorovMikhailTests */,
				81DC88B123E4652700C62F55 /* 8_EgorovMikhailUITests */,
				81DC888A23E4652600C62F55 /* Products */,
			);
			sourceTree = "<group>";
		};
		81DC888A23E4652600C62F55 /* Products */ = {
			isa = PBXGroup;
			children = (
				81DC888923E4652600C62F55 /* 8_EgorovMikhail.app */,
				81DC88A323E4652700C62F55 /* 8_EgorovMikhailTests.xctest */,
				81DC88AE23E4652700C62F55 /* 8_EgorovMikhailUITests.xctest */,
			);
			name = Products;
			sourceTree = "<group>";
		};
		81DC888B23E4652600C62F55 /* 8_EgorovMikhail */ = {
			isa = PBXGroup;
			children = (
				81DC889223E4652600C62F55 /* GameScene.swift */,
				8158310D23E853D50093F85A /* SnakeBodyPart.swift */,
				8158310F23E85A5C0093F85A /* SnakeHead.swift */,
				8158311123E85CF80093F85A /* Snake.swift */,
				8158310B23E84B060093F85A /* Apple.swift */,
				81DC889423E4652600C62F55 /* GameViewController.swift */,
				81DC889E23E4652700C62F55 /* Info.plist */,
				81DC88C023E466E100C62F55 /* Support */,
			);
			path = 8_EgorovMikhail;
			sourceTree = "<group>";
		};
		81DC88A623E4652700C62F55 /* 8_EgorovMikhailTests */ = {
			isa = PBXGroup;
			children = (
				81DC88A723E4652700C62F55 /* __EgorovMikhailTests.swift */,
				81DC88A923E4652700C62F55 /* Info.plist */,
			);
			path = 8_EgorovMikhailTests;
			sourceTree = "<group>";
		};
		81DC88B123E4652700C62F55 /* 8_EgorovMikhailUITests */ = {
			isa = PBXGroup;
			children = (
				81DC88B223E4652700C62F55 /* __EgorovMikhailUITests.swift */,
				81DC88B423E4652700C62F55 /* Info.plist */,
			);
			path = 8_EgorovMikhailUITests;
			sourceTree = "<group>";
		};
		81DC88C023E466E100C62F55 /* Support */ = {
			isa = PBXGroup;
			children = (
				81DC889623E4652600C62F55 /* Main.storyboard */,
				81DC888C23E4652600C62F55 /* AppDelegate.swift */,
				81DC889923E4652700C62F55 /* Assets.xcassets */,
				81DC889B23E4652700C62F55 /* LaunchScreen.storyboard */,
			);
			name = Support;
			sourceTree = "<group>";
		};
/* End PBXGroup section */

/* Begin PBXNativeTarget section */
		81DC888823E4652600C62F55 /* 8_EgorovMikhail */ = {
			isa = PBXNativeTarget;
			buildConfigurationList = 81DC88B723E4652700C62F55 /* Build configuration list for PBXNativeTarget "8_EgorovMikhail" */;
			buildPhases = (
				81DC888523E4652600C62F55 /* Sources */,
				81DC888623E4652600C62F55 /* Frameworks */,
				81DC888723E4652600C62F55 /* Resources */,
			);
			buildRules = (
			);
			dependencies = (
			);
			name = 8_EgorovMikhail;
			productName = 8_EgorovMikhail;
			productReference = 81DC888923E4652600C62F55 /* 8_EgorovMikhail.app */;
			productType = "com.apple.product-type.application";
		};
		81DC88A223E4652700C62F55 /* 8_EgorovMikhailTests */ = {
			isa = PBXNativeTarget;
			buildConfigurationList = 81DC88BA23E4652700C62F55 /* Build configuration list for PBXNativeTarget "8_EgorovMikhailTests" */;
			buildPhases = (
				81DC889F23E4652700C62F55 /* Sources */,
				81DC88A023E4652700C62F55 /* Frameworks */,
				81DC88A123E4652700C62F55 /* Resources */,
			);
			buildRules = (
			);
			dependencies = (
				81DC88A523E4652700C62F55 /* PBXTargetDependency */,
			);
			name = 8_EgorovMikhailTests;
			productName = 8_EgorovMikhailTests;
			productReference = 81DC88A323E4652700C62F55 /* 8_EgorovMikhailTests.xctest */;
			productType = "com.apple.product-type.bundle.unit-test";
		};
		81DC88AD23E4652700C62F55 /* 8_EgorovMikhailUITests */ = {
			isa = PBXNativeTarget;
			buildConfigurationList = 81DC88BD23E4652700C62F55 /* Build configuration list for PBXNativeTarget "8_EgorovMikhailUITests" */;
			buildPhases = (
				81DC88AA23E4652700C62F55 /* Sources */,
				81DC88AB23E4652700C62F55 /* Frameworks */,
				81DC88AC23E4652700C62F55 /* Resources */,
			);
			buildRules = (
			);
			dependencies = (
				81DC88B023E4652700C62F55 /* PBXTargetDependency */,
			);
			name = 8_EgorovMikhailUITests;
			productName = 8_EgorovMikhailUITests;
			productReference = 81DC88AE23E4652700C62F55 /* 8_EgorovMikhailUITests.xctest */;
			productType = "com.apple.product-type.bundle.ui-testing";
		};
/* End PBXNativeTarget section */

/* Begin PBXProject section */
		81DC888123E4652600C62F55 /* Project object */ = {
			isa = PBXProject;
			attributes = {
				LastSwiftUpdateCheck = 1130;
				LastUpgradeCheck = 1130;
				ORGANIZATIONNAME = "Михаил Егоров";
				TargetAttributes = {
					81DC888823E4652600C62F55 = {
						CreatedOnToolsVersion = 11.3.1;
					};
					81DC88A223E4652700C62F55 = {
						CreatedOnToolsVersion = 11.3.1;
						TestTargetID = 81DC888823E4652600C62F55;
					};
					81DC88AD23E4652700C62F55 = {
						CreatedOnToolsVersion = 11.3.1;
						TestTargetID = 81DC888823E4652600C62F55;
					};
				};
			};
			buildConfigurationList = 81DC888423E4652600C62F55 /* Build configuration list for PBXProject "8_EgorovMikhail" */;
			compatibilityVersion = "Xcode 9.3";
			developmentRegion = en;
			hasScannedForEncodings = 0;
			knownRegions = (
				en,
				Base,
			);
			mainGroup = 81DC888023E4652600C62F55;
			productRefGroup = 81DC888A23E4652600C62F55 /* Products */;
			projectDirPath = "";
			projectRoot = "";
			targets = (
				81DC888823E4652600C62F55 /* 8_EgorovMikhail */,
				81DC88A223E4652700C62F55 /* 8_EgorovMikhailTests */,
				81DC88AD23E4652700C62F55 /* 8_EgorovMikhailUITests */,
			);
		};
/* End PBXProject section */

/* Begin PBXResourcesBuildPhase section */
		81DC888723E4652600C62F55 /* Resources */ = {
			isa = PBXResourcesBuildPhase;
			buildActionMask = 2147483647;
			files = (
				81DC889823E4652600C62F55 /* Main.storyboard in Resources */,
				81DC889A23E4652700C62F55 /* Assets.xcassets in Resources */,
				81DC889D23E4652700C62F55 /* LaunchScreen.storyboard in Resources */,
			);
			runOnlyForDeploymentPostprocessing = 0;
		};
		81DC88A123E4652700C62F55 /* Resources */ = {
			isa = PBXResourcesBuildPhase;
			buildActionMask = 2147483647;
			files = (
			);
			runOnlyForDeploymentPostprocessing = 0;
		};
		81DC88AC23E4652700C62F55 /* Resources */ = {
			isa = PBXResourcesBuildPhase;
			buildActionMask = 2147483647;
			files = (
			);
			runOnlyForDeploymentPostprocessing = 0;
		};
/* End PBXResourcesBuildPhase section */

/* Begin PBXSourcesBuildPhase section */
		81DC888523E4652600C62F55 /* Sources */ = {
			isa = PBXSourcesBuildPhase;
			buildActionMask = 2147483647;
			files = (
				8158311023E85A5C0093F85A /* SnakeHead.swift in Sources */,
				8158310C23E84B060093F85A /* Apple.swift in Sources */,
				81DC889323E4652600C62F55 /* GameScene.swift in Sources */,
				81DC889523E4652600C62F55 /* GameViewController.swift in Sources */,
				8158310E23E853D50093F85A /* SnakeBodyPart.swift in Sources */,
				8158311223E85CF80093F85A /* Snake.swift in Sources */,
				81DC888D23E4652600C62F55 /* AppDelegate.swift in Sources */,
			);
			runOnlyForDeploymentPostprocessing = 0;
		};
		81DC889F23E4652700C62F55 /* Sources */ = {
			isa = PBXSourcesBuildPhase;
			buildActionMask = 2147483647;
			files = (
				81DC88A823E4652700C62F55 /* __EgorovMikhailTests.swift in Sources */,
			);
			runOnlyForDeploymentPostprocessing = 0;
		};
		81DC88AA23E4652700C62F55 /* Sources */ = {
			isa = PBXSourcesBuildPhase;
			buildActionMask = 2147483647;
			files = (
				81DC88B323E4652700C62F55 /* __EgorovMikhailUITests.swift in Sources */,
			);
			runOnlyForDeploymentPostprocessing = 0;
		};
/* End PBXSourcesBuildPhase section */

/* Begin PBXTargetDependency section */
		81DC88A523E4652700C62F55 /* PBXTargetDependency */ = {
			isa = PBXTargetDependency;
			target = 81DC888823E4652600C62F55 /* 8_EgorovMikhail */;
			targetProxy = 81DC88A423E4652700C62F55 /* PBXContainerItemProxy */;
		};
		81DC88B023E4652700C62F55 /* PBXTargetDependency */ = {
			isa = PBXTargetDependency;
			target = 81DC888823E4652600C62F55 /* 8_EgorovMikhail */;
			targetProxy = 81DC88AF23E4652700C62F55 /* PBXContainerItemProxy */;
		};
/* End PBXTargetDependency section */

/* Begin PBXVariantGroup section */
		81DC889623E4652600C62F55 /* Main.storyboard */ = {
			isa = PBXVariantGroup;
			children = (
				81DC889723E4652600C62F55 /* Base */,
			);
			name = Main.storyboard;
			sourceTree = "<group>";
		};
		81DC889B23E4652700C62F55 /* LaunchScreen.storyboard */ = {
			isa = PBXVariantGroup;
			children = (
				81DC889C23E4652700C62F55 /* Base */,
			);
			name = LaunchScreen.storyboard;
			sourceTree = "<group>";
		};
/* End PBXVariantGroup section */

/* Begin XCBuildConfiguration section */
		81DC88B523E4652700C62F55 /* Debug */ = {
			isa = XCBuildConfiguration;
			buildSettings = {
				ALWAYS_SEARCH_USER_PATHS = NO;
				CLANG_ANALYZER_NONNULL = YES;
				CLANG_ANALYZER_NUMBER_OBJECT_CONVERSION = YES_AGGRESSIVE;
				CLANG_CXX_LANGUAGE_STANDARD = "gnu++14";
				CLANG_CXX_LIBRARY = "libc++";
				CLANG_ENABLE_MODULES = YES;
				CLANG_ENABLE_OBJC_ARC = YES;
				CLANG_ENABLE_OBJC_WEAK = YES;
				CLANG_WARN_BLOCK_CAPTURE_AUTORELEASING = YES;
				CLANG_WARN_BOOL_CONVERSION = YES;
				CLANG_WARN_COMMA = YES;
				CLANG_WARN_CONSTANT_CONVERSION = YES;
				CLANG_WARN_DEPRECATED_OBJC_IMPLEMENTATIONS = YES;
				CLANG_WARN_DIRECT_OBJC_ISA_USAGE = YES_ERROR;
				CLANG_WARN_DOCUMENTATION_COMMENTS = YES;
				CLANG_WARN_EMPTY_BODY = YES;
				CLANG_WARN_ENUM_CONVERSION = YES;
				CLANG_WARN_INFINITE_RECURSION = YES;
				CLANG_WARN_INT_CONVERSION = YES;
				CLANG_WARN_NON_LITERAL_NULL_CONVERSION = YES;
				CLANG_WARN_OBJC_IMPLICIT_RETAIN_SELF = YES;
				CLANG_WARN_OBJC_LITERAL_CONVERSION = YES;
				CLANG_WARN_OBJC_ROOT_CLASS = YES_ERROR;
				CLANG_WARN_RANGE_LOOP_ANALYSIS = YES;
				CLANG_WARN_STRICT_PROTOTYPES = YES;
				CLANG_WARN_SUSPICIOUS_MOVE = YES;
				CLANG_WARN_UNGUARDED_AVAILABILITY = YES_AGGRESSIVE;
				CLANG_WARN_UNREACHABLE_CODE = YES;
				CLANG_WARN__DUPLICATE_METHOD_MATCH = YES;
				COPY_PHASE_STRIP = NO;
				DEBUG_INFORMATION_FORMAT = dwarf;
				ENABLE_STRICT_OBJC_MSGSEND = YES;
				ENABLE_TESTABILITY = YES;
				GCC_C_LANGUAGE_STANDARD = gnu11;
				GCC_DYNAMIC_NO_PIC = NO;
				GCC_NO_COMMON_BLOCKS = YES;
				GCC_OPTIMIZATION_LEVEL = 0;
				GCC_PREPROCESSOR_DEFINITIONS = (
					"DEBUG=1",
					"$(inherited)",
				);
				GCC_WARN_64_TO_32_BIT_CONVERSION = YES;
				GCC_WARN_ABOUT_RETURN_TYPE = YES_ERROR;
				GCC_WARN_UNDECLARED_SELECTOR = YES;
				GCC_WARN_UNINITIALIZED_AUTOS = YES_AGGRESSIVE;
				GCC_WARN_UNUSED_FUNCTION = YES;
				GCC_WARN_UNUSED_VARIABLE = YES;
				IPHONEOS_DEPLOYMENT_TARGET = 13.2;
				MTL_ENABLE_DEBUG_INFO = INCLUDE_SOURCE;
				MTL_FAST_MATH = YES;
				ONLY_ACTIVE_ARCH = YES;
				SDKROOT = iphoneos;
				SWIFT_ACTIVE_COMPILATION_CONDITIONS = DEBUG;
				SWIFT_OPTIMIZATION_LEVEL = "-Onone";
			};
			name = Debug;
		};
		81DC88B623E4652700C62F55 /* Release */ = {
			isa = XCBuildConfiguration;
			buildSettings = {
				ALWAYS_SEARCH_USER_PATHS = NO;
				CLANG_ANALYZER_NONNULL = YES;
				CLANG_ANALYZER_NUMBER_OBJECT_CONVERSION = YES_AGGRESSIVE;
				CLANG_CXX_LANGUAGE_STANDARD = "gnu++14";
				CLANG_CXX_LIBRARY = "libc++";
				CLANG_ENABLE_MODULES = YES;
				CLANG_ENABLE_OBJC_ARC = YES;
				CLANG_ENABLE_OBJC_WEAK = YES;
				CLANG_WARN_BLOCK_CAPTURE_AUTORELEASING = YES;
				CLANG_WARN_BOOL_CONVERSION = YES;
				CLANG_WARN_COMMA = YES;
				CLANG_WARN_CONSTANT_CONVERSION = YES;
				CLANG_WARN_DEPRECATED_OBJC_IMPLEMENTATIONS = YES;
				CLANG_WARN_DIRECT_OBJC_ISA_USAGE = YES_ERROR;
				CLANG_WARN_DOCUMENTATION_COMMENTS = YES;
				CLANG_WARN_EMPTY_BODY = YES;
				CLANG_WARN_ENUM_CONVERSION = YES;
				CLANG_WARN_INFINITE_RECURSION = YES;
				CLANG_WARN_INT_CONVERSION = YES;
				CLANG_WARN_NON_LITERAL_NULL_CONVERSION = YES;
				CLANG_WARN_OBJC_IMPLICIT_RETAIN_SELF = YES;
				CLANG_WARN_OBJC_LITERAL_CONVERSION = YES;
				CLANG_WARN_OBJC_ROOT_CLASS = YES_ERROR;
				CLANG_WARN_RANGE_LOOP_ANALYSIS = YES;
				CLANG_WARN_STRICT_PROTOTYPES = YES;
				CLANG_WARN_SUSPICIOUS_MOVE = YES;
				CLANG_WARN_UNGUARDED_AVAILABILITY = YES_AGGRESSIVE;
				CLANG_WARN_UNREACHABLE_CODE = YES;
				CLANG_WARN__DUPLICATE_METHOD_MATCH = YES;
				COPY_PHASE_STRIP = NO;
				DEBUG_INFORMATION_FORMAT = "dwarf-with-dsym";
				ENABLE_NS_ASSERTIONS = NO;
				ENABLE_STRICT_OBJC_MSGSEND = YES;
				GCC_C_LANGUAGE_STANDARD = gnu11;
				GCC_NO_COMMON_BLOCKS = YES;
				GCC_WARN_64_TO_32_BIT_CONVERSION = YES;
				GCC_WARN_ABOUT_RETURN_TYPE = YES_ERROR;
				GCC_WARN_UNDECLARED_SELECTOR = YES;
				GCC_WARN_UNINITIALIZED_AUTOS = YES_AGGRESSIVE;
				GCC_WARN_UNUSED_FUNCTION = YES;
				GCC_WARN_UNUSED_VARIABLE = YES;
				IPHONEOS_DEPLOYMENT_TARGET = 13.2;
				MTL_ENABLE_DEBUG_INFO = NO;
				MTL_FAST_MATH = YES;
				SDKROOT = iphoneos;
				SWIFT_COMPILATION_MODE = wholemodule;
				SWIFT_OPTIMIZATION_LEVEL = "-O";
				VALIDATE_PRODUCT = YES;
			};
			name = Release;
		};
		81DC88B823E4652700C62F55 /* Debug */ = {
			isa = XCBuildConfiguration;
			buildSettings = {
				ASSETCATALOG_COMPILER_APPICON_NAME = AppIcon;
				CODE_SIGN_STYLE = Automatic;
				DEVELOPMENT_TEAM = SPAUA3R9XX;
				INFOPLIST_FILE = 8_EgorovMikhail/Info.plist;
				LD_RUNPATH_SEARCH_PATHS = (
					"$(inherited)",
					"@executable_path/Frameworks",
				);
				PRODUCT_BUNDLE_IDENTIFIER = "egorovmikhail-bk.ru.--EgorovMikhail";
				PRODUCT_NAME = "$(TARGET_NAME)";
				SWIFT_VERSION = 5.0;
				TARGETED_DEVICE_FAMILY = "1,2";
			};
			name = Debug;
		};
		81DC88B923E4652700C62F55 /* Release */ = {
			isa = XCBuildConfiguration;
			buildSettings = {
				ASSETCATALOG_COMPILER_APPICON_NAME = AppIcon;
				CODE_SIGN_STYLE = Automatic;
				DEVELOPMENT_TEAM = SPAUA3R9XX;
				INFOPLIST_FILE = 8_EgorovMikhail/Info.plist;
				LD_RUNPATH_SEARCH_PATHS = (
					"$(inherited)",
					"@executable_path/Frameworks",
				);
				PRODUCT_BUNDLE_IDENTIFIER = "egorovmikhail-bk.ru.--EgorovMikhail";
				PRODUCT_NAME = "$(TARGET_NAME)";
				SWIFT_VERSION = 5.0;
				TARGETED_DEVICE_FAMILY = "1,2";
			};
			name = Release;
		};
		81DC88BB23E4652700C62F55 /* Debug */ = {
			isa = XCBuildConfiguration;
			buildSettings = {
				ALWAYS_EMBED_SWIFT_STANDARD_LIBRARIES = YES;
				BUNDLE_LOADER = "$(TEST_HOST)";
				CODE_SIGN_STYLE = Automatic;
				DEVELOPMENT_TEAM = SPAUA3R9XX;
				INFOPLIST_FILE = 8_EgorovMikhailTests/Info.plist;
				IPHONEOS_DEPLOYMENT_TARGET = 13.2;
				LD_RUNPATH_SEARCH_PATHS = (
					"$(inherited)",
					"@executable_path/Frameworks",
					"@loader_path/Frameworks",
				);
				PRODUCT_BUNDLE_IDENTIFIER = "egorovmikhail-bk.ru.--EgorovMikhailTests";
				PRODUCT_NAME = "$(TARGET_NAME)";
				SWIFT_VERSION = 5.0;
				TARGETED_DEVICE_FAMILY = "1,2";
				TEST_HOST = "$(BUILT_PRODUCTS_DIR)/8_EgorovMikhail.app/8_EgorovMikhail";
			};
			name = Debug;
		};
		81DC88BC23E4652700C62F55 /* Release */ = {
			isa = XCBuildConfiguration;
			buildSettings = {
				ALWAYS_EMBED_SWIFT_STANDARD_LIBRARIES = YES;
				BUNDLE_LOADER = "$(TEST_HOST)";
				CODE_SIGN_STYLE = Automatic;
				DEVELOPMENT_TEAM = SPAUA3R9XX;
				INFOPLIST_FILE = 8_EgorovMikhailTests/Info.plist;
				IPHONEOS_DEPLOYMENT_TARGET = 13.2;
				LD_RUNPATH_SEARCH_PATHS = (
					"$(inherited)",
					"@executable_path/Frameworks",
					"@loader_path/Frameworks",
				);
				PRODUCT_BUNDLE_IDENTIFIER = "egorovmikhail-bk.ru.--EgorovMikhailTests";
				PRODUCT_NAME = "$(TARGET_NAME)";
				SWIFT_VERSION = 5.0;
				TARGETED_DEVICE_FAMILY = "1,2";
				TEST_HOST = "$(BUILT_PRODUCTS_DIR)/8_EgorovMikhail.app/8_EgorovMikhail";
			};
			name = Release;
		};
		81DC88BE23E4652700C62F55 /* Debug */ = {
			isa = XCBuildConfiguration;
			buildSettings = {
				ALWAYS_EMBED_SWIFT_STANDARD_LIBRARIES = YES;
				CODE_SIGN_STYLE = Automatic;
				DEVELOPMENT_TEAM = SPAUA3R9XX;
				INFOPLIST_FILE = 8_EgorovMikhailUITests/Info.plist;
				LD_RUNPATH_SEARCH_PATHS = (
					"$(inherited)",
					"@executable_path/Frameworks",
					"@loader_path/Frameworks",
				);
				PRODUCT_BUNDLE_IDENTIFIER = "egorovmikhail-bk.ru.--EgorovMikhailUITests";
				PRODUCT_NAME = "$(TARGET_NAME)";
				SWIFT_VERSION = 5.0;
				TARGETED_DEVICE_FAMILY = "1,2";
				TEST_TARGET_NAME = 8_EgorovMikhail;
			};
			name = Debug;
		};
		81DC88BF23E4652700C62F55 /* Release */ = {
			isa = XCBuildConfiguration;
			buildSettings = {
				ALWAYS_EMBED_SWIFT_STANDARD_LIBRARIES = YES;
				CODE_SIGN_STYLE = Automatic;
				DEVELOPMENT_TEAM = SPAUA3R9XX;
				INFOPLIST_FILE = 8_EgorovMikhailUITests/Info.plist;
				LD_RUNPATH_SEARCH_PATHS = (
					"$(inherited)",
					"@executable_path/Frameworks",
					"@loader_path/Frameworks",
				);
				PRODUCT_BUNDLE_IDENTIFIER = "egorovmikhail-bk.ru.--EgorovMikhailUITests";
				PRODUCT_NAME = "$(TARGET_NAME)";
				SWIFT_VERSION = 5.0;
				TARGETED_DEVICE_FAMILY = "1,2";
				TEST_TARGET_NAME = 8_EgorovMikhail;
			};
			name = Release;
		};
/* End XCBuildConfiguration section */

/* Begin XCConfigurationList section */
		81DC888423E4652600C62F55 /* Build configuration list for PBXProject "8_EgorovMikhail" */ = {
			isa = XCConfigurationList;
			buildConfigurations = (
				81DC88B523E4652700C62F55 /* Debug */,
				81DC88B623E4652700C62F55 /* Release */,
			);
			defaultConfigurationIsVisible = 0;
			defaultConfigurationName = Release;
		};
		81DC88B723E4652700C62F55 /* Build configuration list for PBXNativeTarget "8_EgorovMikhail" */ = {
			isa = XCConfigurationList;
			buildConfigurations = (
				81DC88B823E4652700C62F55 /* Debug */,
				81DC88B923E4652700C62F55 /* Release */,
			);
			defaultConfigurationIsVisible = 0;
			defaultConfigurationName = Release;
		};
		81DC88BA23E4652700C62F55 /* Build configuration list for PBXNativeTarget "8_EgorovMikhailTests" */ = {
			isa = XCConfigurationList;
			buildConfigurations = (
				81DC88BB23E4652700C62F55 /* Debug */,
				81DC88BC23E4652700C62F55 /* Release */,
			);
			defaultConfigurationIsVisible = 0;
			defaultConfigurationName = Release;
		};
		81DC88BD23E4652700C62F55 /* Build configuration list for PBXNativeTarget "8_EgorovMikhailUITests" */ = {
			isa = XCConfigurationList;
			buildConfigurations = (
				81DC88BE23E4652700C62F55 /* Debug */,
				81DC88BF23E4652700C62F55 /* Release */,
			);
			defaultConfigurationIsVisible = 0;
			defaultConfigurationName = Release;
		};
/* End XCConfigurationList section */
	};
	rootObject = 81DC888123E4652600C62F55 /* Project object */;
}
